
Microsoft Visual Studio Solution File, Format Version 12.00
# Visual Studio 15
VisualStudioVersion = 15.0.26430.6
MinimumVisualStudioVersion = 10.0.40219.1
Project("{2150E333-8FDC-42A3-9474-1A3956D46DE8}") = "Db", "Db", "{D83840D5-83A9-49A3-8966-CD146DD9A4D7}"
EndProject
Project("{2150E333-8FDC-42A3-9474-1A3956D46DE8}") = "Domain", "Domain", "{62AEB5D2-D772-4558-BB5C-D9BD89327306}"
EndProject
Project("{2150E333-8FDC-42A3-9474-1A3956D46DE8}") = "Host", "Host", "{E33FFA4D-EED5-4C82-AE99-59B39C0C1B12}"
EndProject
Project("{2150E333-8FDC-42A3-9474-1A3956D46DE8}") = "Tests", "Tests", "{6E250BF6-E3BB-4028-AE67-6F35DC1F4E2E}"
EndProject
Project("{FAE04EC0-301F-11D3-BF4B-00C04F79EFBC}") = "RootDomain.Host", "RootDomain.Host\RootDomain.Host.csproj", "{186687ED-5D2D-4464-83D1-FBC15A0FF00A}"
EndProject
Project("{FAE04EC0-301F-11D3-BF4B-00C04F79EFBC}") = "RootDomain.Host.Tests", "RootDomain.Host.Tests\RootDomain.Host.Tests.csproj", "{BAE12D8F-382A-4382-B35C-2B9A0AC544E1}"
EndProject
Project("{FAE04EC0-301F-11D3-BF4B-00C04F79EFBC}") = "RootDomain.Interfaces", "RootDomain.Interfaces\RootDomain.Interfaces.csproj", "{46E33CC3-0CFC-42E6-80A4-A6633993523D}"
EndProject
Project("{00D1A9C2-B5F0-4AF3-8072-F6C62B433612}") = "RootDomain.HubDb", "RootDomain.HubDb\RootDomain.HubDb.sqlproj", "{871A8BFD-E0A3-4568-9D3C-74CECB0B7094}"
EndProject
Project("{FAE04EC0-301F-11D3-BF4B-00C04F79EFBC}") = "RootDomain.Services", "RootDomain.Services\RootDomain.Services.csproj", "{761E8CD5-655C-45F9-BF9A-9810AD7BF71F}"
EndProject
Project("{FAE04EC0-301F-11D3-BF4B-00C04F79EFBC}") = "RootDomain.Data", "RootDomain.Data\RootDomain.Data.csproj", "{B54FAFB5-D3D5-49DD-A638-71E0B2134248}"
EndProject
Project("{FAE04EC0-301F-11D3-BF4B-00C04F79EFBC}") = "RootDomain.Infrastructure", "RootDomain.Infrastructure\RootDomain.Infrastructure.csproj", "{07F7276D-92CD-42CB-9E13-3B454257A776}"
EndProject
Project("{2150E333-8FDC-42A3-9474-1A3956D46DE8}") = "Client", "Client", "{E57511BE-F6C9-4016-80E0-457FE5B312D5}"
EndProject
Project("{FAE04EC0-301F-11D3-BF4B-00C04F79EFBC}") = "RootDomain.Client", "RootDomain.Client\RootDomain.Client.csproj", "{2C6C4692-74B0-490A-9203-38386EC0D1D2}"
EndProject
Project("{2150E333-8FDC-42A3-9474-1A3956D46DE8}") = "Shared", "Shared", "{F1E6648A-8976-4256-8C63-03BC34D24545}"
EndProject
Project("{2150E333-8FDC-42A3-9474-1A3956D46DE8}") = "Help", "Help", "{AB7DF570-EA82-4C11-B3F2-A82724ECB2C6}"
	ProjectSection(SolutionItems) = preProject
		..\..\..\..\..\..\Users\kbhupathi\Desktop\ReadMe.docx = ..\..\..\..\..\..\Users\kbhupathi\Desktop\ReadMe.docx
	EndProjectSection
EndProject
Global
	GlobalSection(SolutionConfigurationPlatforms) = preSolution
		Debug|Any CPU = Debug|Any CPU
		Dev|Any CPU = Dev|Any CPU
		Production|Any CPU = Production|Any CPU
		Qa|Any CPU = Qa|Any CPU
		Release|Any CPU = Release|Any CPU
	EndGlobalSection
	GlobalSection(ProjectConfigurationPlatforms) = postSolution
		{186687ED-5D2D-4464-83D1-FBC15A0FF00A}.Debug|Any CPU.ActiveCfg = Debug|Any CPU
		{186687ED-5D2D-4464-83D1-FBC15A0FF00A}.Debug|Any CPU.Build.0 = Debug|Any CPU
		{186687ED-5D2D-4464-83D1-FBC15A0FF00A}.Dev|Any CPU.ActiveCfg = Dev|Any CPU
		{186687ED-5D2D-4464-83D1-FBC15A0FF00A}.Dev|Any CPU.Build.0 = Dev|Any CPU
		{186687ED-5D2D-4464-83D1-FBC15A0FF00A}.Production|Any CPU.ActiveCfg = Production|Any CPU
		{186687ED-5D2D-4464-83D1-FBC15A0FF00A}.Production|Any CPU.Build.0 = Production|Any CPU
		{186687ED-5D2D-4464-83D1-FBC15A0FF00A}.Qa|Any CPU.ActiveCfg = Qa|Any CPU
		{186687ED-5D2D-4464-83D1-FBC15A0FF00A}.Qa|Any CPU.Build.0 = Qa|Any CPU
		{186687ED-5D2D-4464-83D1-FBC15A0FF00A}.Release|Any CPU.ActiveCfg = Release|Any CPU
		{186687ED-5D2D-4464-83D1-FBC15A0FF00A}.Release|Any CPU.Build.0 = Release|Any CPU
		{BAE12D8F-382A-4382-B35C-2B9A0AC544E1}.Debug|Any CPU.ActiveCfg = Debug|Any CPU
		{BAE12D8F-382A-4382-B35C-2B9A0AC544E1}.Debug|Any CPU.Build.0 = Debug|Any CPU
		{BAE12D8F-382A-4382-B35C-2B9A0AC544E1}.Dev|Any CPU.ActiveCfg = Dev|Any CPU
		{BAE12D8F-382A-4382-B35C-2B9A0AC544E1}.Dev|Any CPU.Build.0 = Dev|Any CPU
		{BAE12D8F-382A-4382-B35C-2B9A0AC544E1}.Production|Any CPU.ActiveCfg = Production|Any CPU
		{BAE12D8F-382A-4382-B35C-2B9A0AC544E1}.Production|Any CPU.Build.0 = Production|Any CPU
		{BAE12D8F-382A-4382-B35C-2B9A0AC544E1}.Qa|Any CPU.ActiveCfg = Qa|Any CPU
		{BAE12D8F-382A-4382-B35C-2B9A0AC544E1}.Qa|Any CPU.Build.0 = Qa|Any CPU
		{BAE12D8F-382A-4382-B35C-2B9A0AC544E1}.Release|Any CPU.ActiveCfg = Release|Any CPU
		{BAE12D8F-382A-4382-B35C-2B9A0AC544E1}.Release|Any CPU.Build.0 = Release|Any CPU
		{46E33CC3-0CFC-42E6-80A4-A6633993523D}.Debug|Any CPU.ActiveCfg = Debug|Any CPU
		{46E33CC3-0CFC-42E6-80A4-A6633993523D}.Debug|Any CPU.Build.0 = Debug|Any CPU
		{46E33CC3-0CFC-42E6-80A4-A6633993523D}.Dev|Any CPU.ActiveCfg = Dev|Any CPU
		{46E33CC3-0CFC-42E6-80A4-A6633993523D}.Dev|Any CPU.Build.0 = Dev|Any CPU
		{46E33CC3-0CFC-42E6-80A4-A6633993523D}.Production|Any CPU.ActiveCfg = Production|Any CPU
		{46E33CC3-0CFC-42E6-80A4-A6633993523D}.Production|Any CPU.Build.0 = Production|Any CPU
		{46E33CC3-0CFC-42E6-80A4-A6633993523D}.Qa|Any CPU.ActiveCfg = Qa|Any CPU
		{46E33CC3-0CFC-42E6-80A4-A6633993523D}.Qa|Any CPU.Build.0 = Qa|Any CPU
		{46E33CC3-0CFC-42E6-80A4-A6633993523D}.Release|Any CPU.ActiveCfg = Release|Any CPU
		{46E33CC3-0CFC-42E6-80A4-A6633993523D}.Release|Any CPU.Build.0 = Release|Any CPU
		{871A8BFD-E0A3-4568-9D3C-74CECB0B7094}.Debug|Any CPU.ActiveCfg = Debug|Any CPU
		{871A8BFD-E0A3-4568-9D3C-74CECB0B7094}.Debug|Any CPU.Build.0 = Debug|Any CPU
		{871A8BFD-E0A3-4568-9D3C-74CECB0B7094}.Debug|Any CPU.Deploy.0 = Debug|Any CPU
		{871A8BFD-E0A3-4568-9D3C-74CECB0B7094}.Dev|Any CPU.ActiveCfg = Dev|Any CPU
		{871A8BFD-E0A3-4568-9D3C-74CECB0B7094}.Dev|Any CPU.Build.0 = Dev|Any CPU
		{871A8BFD-E0A3-4568-9D3C-74CECB0B7094}.Dev|Any CPU.Deploy.0 = Dev|Any CPU
		{871A8BFD-E0A3-4568-9D3C-74CECB0B7094}.Production|Any CPU.ActiveCfg = Production|Any CPU
		{871A8BFD-E0A3-4568-9D3C-74CECB0B7094}.Production|Any CPU.Build.0 = Production|Any CPU
		{871A8BFD-E0A3-4568-9D3C-74CECB0B7094}.Production|Any CPU.Deploy.0 = Production|Any CPU
		{871A8BFD-E0A3-4568-9D3C-74CECB0B7094}.Qa|Any CPU.ActiveCfg = Qa|Any CPU
		{871A8BFD-E0A3-4568-9D3C-74CECB0B7094}.Qa|Any CPU.Build.0 = Qa|Any CPU
		{871A8BFD-E0A3-4568-9D3C-74CECB0B7094}.Qa|Any CPU.Deploy.0 = Qa|Any CPU
		{871A8BFD-E0A3-4568-9D3C-74CECB0B7094}.Release|Any CPU.ActiveCfg = Release|Any CPU
		{871A8BFD-E0A3-4568-9D3C-74CECB0B7094}.Release|Any CPU.Build.0 = Release|Any CPU
		{871A8BFD-E0A3-4568-9D3C-74CECB0B7094}.Release|Any CPU.Deploy.0 = Release|Any CPU
		{761E8CD5-655C-45F9-BF9A-9810AD7BF71F}.Debug|Any CPU.ActiveCfg = Debug|Any CPU
		{761E8CD5-655C-45F9-BF9A-9810AD7BF71F}.Debug|Any CPU.Build.0 = Debug|Any CPU
		{761E8CD5-655C-45F9-BF9A-9810AD7BF71F}.Dev|Any CPU.ActiveCfg = Dev|Any CPU
		{761E8CD5-655C-45F9-BF9A-9810AD7BF71F}.Dev|Any CPU.Build.0 = Dev|Any CPU
		{761E8CD5-655C-45F9-BF9A-9810AD7BF71F}.Production|Any CPU.ActiveCfg = Production|Any CPU
		{761E8CD5-655C-45F9-BF9A-9810AD7BF71F}.Production|Any CPU.Build.0 = Production|Any CPU
		{761E8CD5-655C-45F9-BF9A-9810AD7BF71F}.Qa|Any CPU.ActiveCfg = Qa|Any CPU
		{761E8CD5-655C-45F9-BF9A-9810AD7BF71F}.Qa|Any CPU.Build.0 = Qa|Any CPU
		{761E8CD5-655C-45F9-BF9A-9810AD7BF71F}.Release|Any CPU.ActiveCfg = Release|Any CPU
		{761E8CD5-655C-45F9-BF9A-9810AD7BF71F}.Release|Any CPU.Build.0 = Release|Any CPU
		{B54FAFB5-D3D5-49DD-A638-71E0B2134248}.Debug|Any CPU.ActiveCfg = Debug|Any CPU
		{B54FAFB5-D3D5-49DD-A638-71E0B2134248}.Debug|Any CPU.Build.0 = Debug|Any CPU
		{B54FAFB5-D3D5-49DD-A638-71E0B2134248}.Dev|Any CPU.ActiveCfg = Dev|Any CPU
		{B54FAFB5-D3D5-49DD-A638-71E0B2134248}.Dev|Any CPU.Build.0 = Dev|Any CPU
		{B54FAFB5-D3D5-49DD-A638-71E0B2134248}.Production|Any CPU.ActiveCfg = Production|Any CPU
		{B54FAFB5-D3D5-49DD-A638-71E0B2134248}.Production|Any CPU.Build.0 = Production|Any CPU
		{B54FAFB5-D3D5-49DD-A638-71E0B2134248}.Qa|Any CPU.ActiveCfg = Qa|Any CPU
		{B54FAFB5-D3D5-49DD-A638-71E0B2134248}.Qa|Any CPU.Build.0 = Qa|Any CPU
		{B54FAFB5-D3D5-49DD-A638-71E0B2134248}.Release|Any CPU.ActiveCfg = Release|Any CPU
		{B54FAFB5-D3D5-49DD-A638-71E0B2134248}.Release|Any CPU.Build.0 = Release|Any CPU
		{07F7276D-92CD-42CB-9E13-3B454257A776}.Debug|Any CPU.ActiveCfg = Debug|Any CPU
		{07F7276D-92CD-42CB-9E13-3B454257A776}.Debug|Any CPU.Build.0 = Debug|Any CPU
		{07F7276D-92CD-42CB-9E13-3B454257A776}.Dev|Any CPU.ActiveCfg = Debug|Any CPU
		{07F7276D-92CD-42CB-9E13-3B454257A776}.Dev|Any CPU.Build.0 = Debug|Any CPU
		{07F7276D-92CD-42CB-9E13-3B454257A776}.Production|Any CPU.ActiveCfg = Release|Any CPU
		{07F7276D-92CD-42CB-9E13-3B454257A776}.Production|Any CPU.Build.0 = Release|Any CPU
		{07F7276D-92CD-42CB-9E13-3B454257A776}.Qa|Any CPU.ActiveCfg = Release|Any CPU
		{07F7276D-92CD-42CB-9E13-3B454257A776}.Qa|Any CPU.Build.0 = Release|Any CPU
		{07F7276D-92CD-42CB-9E13-3B454257A776}.Release|Any CPU.ActiveCfg = Release|Any CPU
		{07F7276D-92CD-42CB-9E13-3B454257A776}.Release|Any CPU.Build.0 = Release|Any CPU
		{2C6C4692-74B0-490A-9203-38386EC0D1D2}.Debug|Any CPU.ActiveCfg = Debug|Any CPU
		{2C6C4692-74B0-490A-9203-38386EC0D1D2}.Debug|Any CPU.Build.0 = Debug|Any CPU
		{2C6C4692-74B0-490A-9203-38386EC0D1D2}.Dev|Any CPU.ActiveCfg = Debug|Any CPU
		{2C6C4692-74B0-490A-9203-38386EC0D1D2}.Dev|Any CPU.Build.0 = Debug|Any CPU
		{2C6C4692-74B0-490A-9203-38386EC0D1D2}.Production|Any CPU.ActiveCfg = Release|Any CPU
		{2C6C4692-74B0-490A-9203-38386EC0D1D2}.Production|Any CPU.Build.0 = Release|Any CPU
		{2C6C4692-74B0-490A-9203-38386EC0D1D2}.Qa|Any CPU.ActiveCfg = Release|Any CPU
		{2C6C4692-74B0-490A-9203-38386EC0D1D2}.Qa|Any CPU.Build.0 = Release|Any CPU
		{2C6C4692-74B0-490A-9203-38386EC0D1D2}.Release|Any CPU.ActiveCfg = Release|Any CPU
		{2C6C4692-74B0-490A-9203-38386EC0D1D2}.Release|Any CPU.Build.0 = Release|Any CPU
	EndGlobalSection
	GlobalSection(SolutionProperties) = preSolution
		HideSolutionNode = FALSE
	EndGlobalSection
	GlobalSection(NestedProjects) = preSolution
		{186687ED-5D2D-4464-83D1-FBC15A0FF00A} = {E33FFA4D-EED5-4C82-AE99-59B39C0C1B12}
		{BAE12D8F-382A-4382-B35C-2B9A0AC544E1} = {6E250BF6-E3BB-4028-AE67-6F35DC1F4E2E}
		{46E33CC3-0CFC-42E6-80A4-A6633993523D} = {F1E6648A-8976-4256-8C63-03BC34D24545}
		{871A8BFD-E0A3-4568-9D3C-74CECB0B7094} = {D83840D5-83A9-49A3-8966-CD146DD9A4D7}
		{761E8CD5-655C-45F9-BF9A-9810AD7BF71F} = {62AEB5D2-D772-4558-BB5C-D9BD89327306}
		{B54FAFB5-D3D5-49DD-A638-71E0B2134248} = {62AEB5D2-D772-4558-BB5C-D9BD89327306}
		{07F7276D-92CD-42CB-9E13-3B454257A776} = {F1E6648A-8976-4256-8C63-03BC34D24545}
		{2C6C4692-74B0-490A-9203-38386EC0D1D2} = {E57511BE-F6C9-4016-80E0-457FE5B312D5}
	EndGlobalSection
EndGlobal
